
Microsoft Visual Studio Solution File, Format Version 11.00
# Visual Studio 2010
Project("{FAE04EC0-301F-11D3-BF4B-00C04F79EFBC}") = "Assembly-CSharp", "Assembly-CSharp.csproj", "{45E7A92F-1A18-7F5E-716E-3F19CA39025F}"
EndProject
Project("{FAE04EC0-301F-11D3-BF4B-00C04F79EFBC}") = "Assembly-CSharp-firstpass", "Assembly-CSharp-firstpass.csproj", "{3D0BCDFD-0980-6873-9132-E38A77B4C7B4}"
EndProject
Project("{FAE04EC0-301F-11D3-BF4B-00C04F79EFBC}") = "Assembly-CSharp-Editor", "Assembly-CSharp-Editor.csproj", "{0DDBEF75-D5FA-E787-8120-884FEAFA4911}"
EndProject
Global
	GlobalSection(SolutionConfigurationPlatforms) = preSolution
		Debug|Any CPU = Debug|Any CPU
		Release|Any CPU = Release|Any CPU
	EndGlobalSection
	GlobalSection(ProjectConfigurationPlatforms) = postSolution
		{45E7A92F-1A18-7F5E-716E-3F19CA39025F}.Debug|Any CPU.ActiveCfg = Debug|Any CPU
		{45E7A92F-1A18-7F5E-716E-3F19CA39025F}.Debug|Any CPU.Build.0 = Debug|Any CPU
		{45E7A92F-1A18-7F5E-716E-3F19CA39025F}.Release|Any CPU.ActiveCfg = Release|Any CPU
		{45E7A92F-1A18-7F5E-716E-3F19CA39025F}.Release|Any CPU.Build.0 = Release|Any CPU
		{3D0BCDFD-0980-6873-9132-E38A77B4C7B4}.Debug|Any CPU.ActiveCfg = Debug|Any CPU
		{3D0BCDFD-0980-6873-9132-E38A77B4C7B4}.Debug|Any CPU.Build.0 = Debug|Any CPU
		{3D0BCDFD-0980-6873-9132-E38A77B4C7B4}.Release|Any CPU.ActiveCfg = Release|Any CPU
		{3D0BCDFD-0980-6873-9132-E38A77B4C7B4}.Release|Any CPU.Build.0 = Release|Any CPU
		{0DDBEF75-D5FA-E787-8120-884FEAFA4911}.Debug|Any CPU.ActiveCfg = Debug|Any CPU
		{0DDBEF75-D5FA-E787-8120-884FEAFA4911}.Debug|Any CPU.Build.0 = Debug|Any CPU
		{0DDBEF75-D5FA-E787-8120-884FEAFA4911}.Release|Any CPU.ActiveCfg = Release|Any CPU
		{0DDBEF75-D5FA-E787-8120-884FEAFA4911}.Release|Any CPU.Build.0 = Release|Any CPU
	EndGlobalSection
	GlobalSection(SolutionProperties) = preSolution
		HideSolutionNode = FALSE
	EndGlobalSection
	GlobalSection(MonoDevelopProperties) = preSolution
		StartupItem = Assembly-CSharp.csproj
	EndGlobalSection
EndGlobal
